// !$*UTF8*$!
{
	archiveVersion = 1;
	classes = {
	};
	objectVersion = 56;
	objects = {

/* Begin PBXBuildFile section */
		885F26842AA28C5D003D430B /* TLButton.swift in Sources */ = {isa = PBXBuildFile; fileRef = 885F26832AA28C5D003D430B /* TLButton.swift */; };
		885F26862AA67FCA003D430B /* Extensions.swift in Sources */ = {isa = PBXBuildFile; fileRef = 885F26852AA67FCA003D430B /* Extensions.swift */; };
		8873BE4D2AA14CD8007734DE /* AppTodoApp.swift in Sources */ = {isa = PBXBuildFile; fileRef = 8873BE4C2AA14CD8007734DE /* AppTodoApp.swift */; };
		8873BE4F2AA14CD8007734DE /* MainView.swift in Sources */ = {isa = PBXBuildFile; fileRef = 8873BE4E2AA14CD8007734DE /* MainView.swift */; };
		8873BE512AA14CD9007734DE /* Assets.xcassets in Resources */ = {isa = PBXBuildFile; fileRef = 8873BE502AA14CD9007734DE /* Assets.xcassets */; };
		8873BE542AA14CD9007734DE /* Preview Assets.xcassets in Resources */ = {isa = PBXBuildFile; fileRef = 8873BE532AA14CD9007734DE /* Preview Assets.xcassets */; };
		8873BE5C2AA1EF95007734DE /* FirebaseAuth in Frameworks */ = {isa = PBXBuildFile; productRef = 8873BE5B2AA1EF95007734DE /* FirebaseAuth */; };
		8873BE5E2AA1EF95007734DE /* FirebaseFirestore in Frameworks */ = {isa = PBXBuildFile; productRef = 8873BE5D2AA1EF95007734DE /* FirebaseFirestore */; };
		8873BE602AA1EF95007734DE /* FirebaseFirestoreSwift in Frameworks */ = {isa = PBXBuildFile; productRef = 8873BE5F2AA1EF95007734DE /* FirebaseFirestoreSwift */; };
		8873BE622AA2021B007734DE /* GoogleService-Info.plist in Resources */ = {isa = PBXBuildFile; fileRef = 8873BE612AA2021B007734DE /* GoogleService-Info.plist */; };
		8873BE682AA21097007734DE /* ProfileView.swift in Sources */ = {isa = PBXBuildFile; fileRef = 8873BE672AA21097007734DE /* ProfileView.swift */; };
		8873BE6A2AA210FD007734DE /* NewItemView.swift in Sources */ = {isa = PBXBuildFile; fileRef = 8873BE692AA210FD007734DE /* NewItemView.swift */; };
		8873BE6C2AA2111F007734DE /* ToDoListItemsView.swift in Sources */ = {isa = PBXBuildFile; fileRef = 8873BE6B2AA2111F007734DE /* ToDoListItemsView.swift */; };
		8873BE6E2AA21169007734DE /* LoginView.swift in Sources */ = {isa = PBXBuildFile; fileRef = 8873BE6D2AA21169007734DE /* LoginView.swift */; };
		8873BE702AA21182007734DE /* RegisterView.swift in Sources */ = {isa = PBXBuildFile; fileRef = 8873BE6F2AA21182007734DE /* RegisterView.swift */; };
		8873BE722AA2126D007734DE /* ToDoListView.swift in Sources */ = {isa = PBXBuildFile; fileRef = 8873BE712AA2126D007734DE /* ToDoListView.swift */; };
		8873BE742AA2156E007734DE /* User.swift in Sources */ = {isa = PBXBuildFile; fileRef = 8873BE732AA2156E007734DE /* User.swift */; };
		8873BE762AA21589007734DE /* ToDoListItem.swift in Sources */ = {isa = PBXBuildFile; fileRef = 8873BE752AA21589007734DE /* ToDoListItem.swift */; };
		8873BE782AA21664007734DE /* MainViewViewModel.swift in Sources */ = {isa = PBXBuildFile; fileRef = 8873BE772AA21664007734DE /* MainViewViewModel.swift */; };
		8873BE7A2AA2167A007734DE /* ProfileViewViewModel.swift in Sources */ = {isa = PBXBuildFile; fileRef = 8873BE792AA2167A007734DE /* ProfileViewViewModel.swift */; };
		8873BE7C2AA216BA007734DE /* NewItemViewViewModel.swift in Sources */ = {isa = PBXBuildFile; fileRef = 8873BE7B2AA216BA007734DE /* NewItemViewViewModel.swift */; };
		8873BE7E2AA216C8007734DE /* ToDoListItemViewViewModel.swift in Sources */ = {isa = PBXBuildFile; fileRef = 8873BE7D2AA216C8007734DE /* ToDoListItemViewViewModel.swift */; };
		8873BE802AA216F9007734DE /* LoginViewViewModel.swift in Sources */ = {isa = PBXBuildFile; fileRef = 8873BE7F2AA216F9007734DE /* LoginViewViewModel.swift */; };
		8873BE822AA21703007734DE /* RegisterViewViewModel.swift in Sources */ = {isa = PBXBuildFile; fileRef = 8873BE812AA21703007734DE /* RegisterViewViewModel.swift */; };
		8873BE842AA21710007734DE /* ToDoListViewViewModel.swift in Sources */ = {isa = PBXBuildFile; fileRef = 8873BE832AA21710007734DE /* ToDoListViewViewModel.swift */; };
		8873BE862AA2648B007734DE /* HeaderView.swift in Sources */ = {isa = PBXBuildFile; fileRef = 8873BE852AA2648B007734DE /* HeaderView.swift */; };
		8881D3AE2AA9A4290098EBCA /* Launch Screen.storyboard in Resources */ = {isa = PBXBuildFile; fileRef = 8881D3AD2AA9A4290098EBCA /* Launch Screen.storyboard */; };
/* End PBXBuildFile section */

/* Begin PBXFileReference section */
		885F26832AA28C5D003D430B /* TLButton.swift */ = {isa = PBXFileReference; lastKnownFileType = sourcecode.swift; path = TLButton.swift; sourceTree = "<group>"; };
		885F26852AA67FCA003D430B /* Extensions.swift */ = {isa = PBXFileReference; lastKnownFileType = sourcecode.swift; path = Extensions.swift; sourceTree = "<group>"; };
		8873BE492AA14CD8007734DE /* AppTodo.app */ = {isa = PBXFileReference; explicitFileType = wrapper.application; includeInIndex = 0; path = AppTodo.app; sourceTree = BUILT_PRODUCTS_DIR; };
		8873BE4C2AA14CD8007734DE /* AppTodoApp.swift */ = {isa = PBXFileReference; lastKnownFileType = sourcecode.swift; path = AppTodoApp.swift; sourceTree = "<group>"; };
		8873BE4E2AA14CD8007734DE /* MainView.swift */ = {isa = PBXFileReference; lastKnownFileType = sourcecode.swift; path = MainView.swift; sourceTree = "<group>"; };
		8873BE502AA14CD9007734DE /* Assets.xcassets */ = {isa = PBXFileReference; lastKnownFileType = folder.assetcatalog; path = Assets.xcassets; sourceTree = "<group>"; };
		8873BE532AA14CD9007734DE /* Preview Assets.xcassets */ = {isa = PBXFileReference; lastKnownFileType = folder.assetcatalog; path = "Preview Assets.xcassets"; sourceTree = "<group>"; };
		8873BE612AA2021B007734DE /* GoogleService-Info.plist */ = {isa = PBXFileReference; fileEncoding = 4; lastKnownFileType = text.plist.xml; path = "GoogleService-Info.plist"; sourceTree = "<group>"; };
		8873BE672AA21097007734DE /* ProfileView.swift */ = {isa = PBXFileReference; lastKnownFileType = sourcecode.swift; path = ProfileView.swift; sourceTree = "<group>"; };
		8873BE692AA210FD007734DE /* NewItemView.swift */ = {isa = PBXFileReference; lastKnownFileType = sourcecode.swift; path = NewItemView.swift; sourceTree = "<group>"; };
		8873BE6B2AA2111F007734DE /* ToDoListItemsView.swift */ = {isa = PBXFileReference; lastKnownFileType = sourcecode.swift; path = ToDoListItemsView.swift; sourceTree = "<group>"; };
		8873BE6D2AA21169007734DE /* LoginView.swift */ = {isa = PBXFileReference; lastKnownFileType = sourcecode.swift; path = LoginView.swift; sourceTree = "<group>"; };
		8873BE6F2AA21182007734DE /* RegisterView.swift */ = {isa = PBXFileReference; lastKnownFileType = sourcecode.swift; path = RegisterView.swift; sourceTree = "<group>"; };
		8873BE712AA2126D007734DE /* ToDoListView.swift */ = {isa = PBXFileReference; lastKnownFileType = sourcecode.swift; path = ToDoListView.swift; sourceTree = "<group>"; };
		8873BE732AA2156E007734DE /* User.swift */ = {isa = PBXFileReference; lastKnownFileType = sourcecode.swift; path = User.swift; sourceTree = "<group>"; };
		8873BE752AA21589007734DE /* ToDoListItem.swift */ = {isa = PBXFileReference; lastKnownFileType = sourcecode.swift; path = ToDoListItem.swift; sourceTree = "<group>"; };
		8873BE772AA21664007734DE /* MainViewViewModel.swift */ = {isa = PBXFileReference; lastKnownFileType = sourcecode.swift; path = MainViewViewModel.swift; sourceTree = "<group>"; };
		8873BE792AA2167A007734DE /* ProfileViewViewModel.swift */ = {isa = PBXFileReference; lastKnownFileType = sourcecode.swift; path = ProfileViewViewModel.swift; sourceTree = "<group>"; };
		8873BE7B2AA216BA007734DE /* NewItemViewViewModel.swift */ = {isa = PBXFileReference; lastKnownFileType = sourcecode.swift; path = NewItemViewViewModel.swift; sourceTree = "<group>"; };
		8873BE7D2AA216C8007734DE /* ToDoListItemViewViewModel.swift */ = {isa = PBXFileReference; lastKnownFileType = sourcecode.swift; path = ToDoListItemViewViewModel.swift; sourceTree = "<group>"; };
		8873BE7F2AA216F9007734DE /* LoginViewViewModel.swift */ = {isa = PBXFileReference; lastKnownFileType = sourcecode.swift; path = LoginViewViewModel.swift; sourceTree = "<group>"; };
		8873BE812AA21703007734DE /* RegisterViewViewModel.swift */ = {isa = PBXFileReference; lastKnownFileType = sourcecode.swift; path = RegisterViewViewModel.swift; sourceTree = "<group>"; };
		8873BE832AA21710007734DE /* ToDoListViewViewModel.swift */ = {isa = PBXFileReference; lastKnownFileType = sourcecode.swift; path = ToDoListViewViewModel.swift; sourceTree = "<group>"; };
		8873BE852AA2648B007734DE /* HeaderView.swift */ = {isa = PBXFileReference; lastKnownFileType = sourcecode.swift; path = HeaderView.swift; sourceTree = "<group>"; };
		8881D3AD2AA9A4290098EBCA /* Launch Screen.storyboard */ = {isa = PBXFileReference; lastKnownFileType = file.storyboard; path = "Launch Screen.storyboard"; sourceTree = "<group>"; };
/* End PBXFileReference section */

/* Begin PBXFrameworksBuildPhase section */
		8873BE462AA14CD8007734DE /* Frameworks */ = {
			isa = PBXFrameworksBuildPhase;
			buildActionMask = 2147483647;
			files = (
				8873BE5C2AA1EF95007734DE /* FirebaseAuth in Frameworks */,
				8873BE5E2AA1EF95007734DE /* FirebaseFirestore in Frameworks */,
				8873BE602AA1EF95007734DE /* FirebaseFirestoreSwift in Frameworks */,
			);
			runOnlyForDeploymentPostprocessing = 0;
		};
/* End PBXFrameworksBuildPhase section */

/* Begin PBXGroup section */
		885F26822AA28C3B003D430B /* Common */ = {
			isa = PBXGroup;
			children = (
				885F26832AA28C5D003D430B /* TLButton.swift */,
			);
			path = Common;
			sourceTree = "<group>";
		};
		8873BE402AA14CD8007734DE = {
			isa = PBXGroup;
			children = (
				8873BE4B2AA14CD8007734DE /* AppTodo */,
				8873BE4A2AA14CD8007734DE /* Products */,
			);
			sourceTree = "<group>";
		};
		8873BE4A2AA14CD8007734DE /* Products */ = {
			isa = PBXGroup;
			children = (
				8873BE492AA14CD8007734DE /* AppTodo.app */,
			);
			name = Products;
			sourceTree = "<group>";
		};
		8873BE4B2AA14CD8007734DE /* AppTodo */ = {
			isa = PBXGroup;
			children = (
				885F26822AA28C3B003D430B /* Common */,
				8873BE662AA20D14007734DE /* Other */,
				8873BE652AA20D0C007734DE /* Models */,
				8873BE642AA20D03007734DE /* ViewModels */,
				8873BE632AA20B50007734DE /* Views */,
				8873BE522AA14CD9007734DE /* Preview Content */,
			);
			path = AppTodo;
			sourceTree = "<group>";
		};
		8873BE522AA14CD9007734DE /* Preview Content */ = {
			isa = PBXGroup;
			children = (
				8873BE532AA14CD9007734DE /* Preview Assets.xcassets */,
			);
			path = "Preview Content";
			sourceTree = "<group>";
		};
		8873BE632AA20B50007734DE /* Views */ = {
			isa = PBXGroup;
			children = (
				8873BE4E2AA14CD8007734DE /* MainView.swift */,
				8873BE672AA21097007734DE /* ProfileView.swift */,
				8873BE692AA210FD007734DE /* NewItemView.swift */,
				8873BE6B2AA2111F007734DE /* ToDoListItemsView.swift */,
				8873BE6D2AA21169007734DE /* LoginView.swift */,
				8873BE6F2AA21182007734DE /* RegisterView.swift */,
				8873BE712AA2126D007734DE /* ToDoListView.swift */,
				8873BE852AA2648B007734DE /* HeaderView.swift */,
			);
			path = Views;
			sourceTree = "<group>";
		};
		8873BE642AA20D03007734DE /* ViewModels */ = {
			isa = PBXGroup;
			children = (
				8873BE772AA21664007734DE /* MainViewViewModel.swift */,
				8873BE792AA2167A007734DE /* ProfileViewViewModel.swift */,
				8873BE7D2AA216C8007734DE /* ToDoListItemViewViewModel.swift */,
				8873BE7B2AA216BA007734DE /* NewItemViewViewModel.swift */,
				8873BE7F2AA216F9007734DE /* LoginViewViewModel.swift */,
				8873BE812AA21703007734DE /* RegisterViewViewModel.swift */,
				8873BE832AA21710007734DE /* ToDoListViewViewModel.swift */,
			);
			path = ViewModels;
			sourceTree = "<group>";
		};
		8873BE652AA20D0C007734DE /* Models */ = {
			isa = PBXGroup;
			children = (
				8873BE732AA2156E007734DE /* User.swift */,
				8873BE752AA21589007734DE /* ToDoListItem.swift */,
			);
			path = Models;
			sourceTree = "<group>";
		};
		8873BE662AA20D14007734DE /* Other */ = {
			isa = PBXGroup;
			children = (
				8873BE502AA14CD9007734DE /* Assets.xcassets */,
				8873BE612AA2021B007734DE /* GoogleService-Info.plist */,
				8873BE4C2AA14CD8007734DE /* AppTodoApp.swift */,
				885F26852AA67FCA003D430B /* Extensions.swift */,
				8881D3AD2AA9A4290098EBCA /* Launch Screen.storyboard */,
			);
			path = Other;
			sourceTree = "<group>";
		};
/* End PBXGroup section */

/* Begin PBXNativeTarget section */
		8873BE482AA14CD8007734DE /* AppTodo */ = {
			isa = PBXNativeTarget;
			buildConfigurationList = 8873BE572AA14CD9007734DE /* Build configuration list for PBXNativeTarget "AppTodo" */;
			buildPhases = (
				8873BE452AA14CD8007734DE /* Sources */,
				8873BE462AA14CD8007734DE /* Frameworks */,
				8873BE472AA14CD8007734DE /* Resources */,
			);
			buildRules = (
			);
			dependencies = (
			);
			name = AppTodo;
			packageProductDependencies = (
				8873BE5B2AA1EF95007734DE /* FirebaseAuth */,
				8873BE5D2AA1EF95007734DE /* FirebaseFirestore */,
				8873BE5F2AA1EF95007734DE /* FirebaseFirestoreSwift */,
			);
			productName = AppTodo;
			productReference = 8873BE492AA14CD8007734DE /* AppTodo.app */;
			productType = "com.apple.product-type.application";
		};
/* End PBXNativeTarget section */

/* Begin PBXProject section */
		8873BE412AA14CD8007734DE /* Project object */ = {
			isa = PBXProject;
			attributes = {
				BuildIndependentTargetsInParallel = 1;
				LastSwiftUpdateCheck = 1430;
				LastUpgradeCheck = 1430;
				TargetAttributes = {
					8873BE482AA14CD8007734DE = {
						CreatedOnToolsVersion = 14.3.1;
					};
				};
			};
			buildConfigurationList = 8873BE442AA14CD8007734DE /* Build configuration list for PBXProject "AppTodo" */;
			compatibilityVersion = "Xcode 14.0";
			developmentRegion = en;
			hasScannedForEncodings = 0;
			knownRegions = (
				en,
				Base,
			);
			mainGroup = 8873BE402AA14CD8007734DE;
			packageReferences = (
				8873BE5A2AA1EF95007734DE /* XCRemoteSwiftPackageReference "firebase-ios-sdk" */,
			);
			productRefGroup = 8873BE4A2AA14CD8007734DE /* Products */;
			projectDirPath = "";
			projectRoot = "";
			targets = (
				8873BE482AA14CD8007734DE /* AppTodo */,
			);
		};
/* End PBXProject section */

/* Begin PBXResourcesBuildPhase section */
		8873BE472AA14CD8007734DE /* Resources */ = {
			isa = PBXResourcesBuildPhase;
			buildActionMask = 2147483647;
			files = (
				8873BE542AA14CD9007734DE /* Preview Assets.xcassets in Resources */,
				8873BE512AA14CD9007734DE /* Assets.xcassets in Resources */,
				8881D3AE2AA9A4290098EBCA /* Launch Screen.storyboard in Resources */,
				8873BE622AA2021B007734DE /* GoogleService-Info.plist in Resources */,
			);
			runOnlyForDeploymentPostprocessing = 0;
		};
/* End PBXResourcesBuildPhase section */

/* Begin PBXSourcesBuildPhase section */
		8873BE452AA14CD8007734DE /* Sources */ = {
			isa = PBXSourcesBuildPhase;
			buildActionMask = 2147483647;
			files = (
				8873BE7E2AA216C8007734DE /* ToDoListItemViewViewModel.swift in Sources */,
				8873BE862AA2648B007734DE /* HeaderView.swift in Sources */,
				8873BE6E2AA21169007734DE /* LoginView.swift in Sources */,
				8873BE822AA21703007734DE /* RegisterViewViewModel.swift in Sources */,
				8873BE762AA21589007734DE /* ToDoListItem.swift in Sources */,
				8873BE782AA21664007734DE /* MainViewViewModel.swift in Sources */,
				8873BE7C2AA216BA007734DE /* NewItemViewViewModel.swift in Sources */,
				885F26842AA28C5D003D430B /* TLButton.swift in Sources */,
				8873BE6A2AA210FD007734DE /* NewItemView.swift in Sources */,
				8873BE722AA2126D007734DE /* ToDoListView.swift in Sources */,
				8873BE7A2AA2167A007734DE /* ProfileViewViewModel.swift in Sources */,
				8873BE4F2AA14CD8007734DE /* MainView.swift in Sources */,
				8873BE702AA21182007734DE /* RegisterView.swift in Sources */,
				8873BE802AA216F9007734DE /* LoginViewViewModel.swift in Sources */,
				8873BE842AA21710007734DE /* ToDoListViewViewModel.swift in Sources */,
				885F26862AA67FCA003D430B /* Extensions.swift in Sources */,
				8873BE742AA2156E007734DE /* User.swift in Sources */,
				8873BE682AA21097007734DE /* ProfileView.swift in Sources */,
				8873BE6C2AA2111F007734DE /* ToDoListItemsView.swift in Sources */,
				8873BE4D2AA14CD8007734DE /* AppTodoApp.swift in Sources */,
			);
			runOnlyForDeploymentPostprocessing = 0;
		};
/* End PBXSourcesBuildPhase section */

/* Begin XCBuildConfiguration section */
		8873BE552AA14CD9007734DE /* Debug */ = {
			isa = XCBuildConfiguration;
			buildSettings = {
				ALWAYS_SEARCH_USER_PATHS = NO;
				CLANG_ANALYZER_NONNULL = YES;
				CLANG_ANALYZER_NUMBER_OBJECT_CONVERSION = YES_AGGRESSIVE;
				CLANG_CXX_LANGUAGE_STANDARD = "gnu++20";
				CLANG_ENABLE_MODULES = YES;
				CLANG_ENABLE_OBJC_ARC = YES;
				CLANG_ENABLE_OBJC_WEAK = YES;
				CLANG_WARN_BLOCK_CAPTURE_AUTORELEASING = YES;
				CLANG_WARN_BOOL_CONVERSION = YES;
				CLANG_WARN_COMMA = YES;
				CLANG_WARN_CONSTANT_CONVERSION = YES;
				CLANG_WARN_DEPRECATED_OBJC_IMPLEMENTATIONS = YES;
				CLANG_WARN_DIRECT_OBJC_ISA_USAGE = YES_ERROR;
				CLANG_WARN_DOCUMENTATION_COMMENTS = YES;
				CLANG_WARN_EMPTY_BODY = YES;
				CLANG_WARN_ENUM_CONVERSION = YES;
				CLANG_WARN_INFINITE_RECURSION = YES;
				CLANG_WARN_INT_CONVERSION = YES;
				CLANG_WARN_NON_LITERAL_NULL_CONVERSION = YES;
				CLANG_WARN_OBJC_IMPLICIT_RETAIN_SELF = YES;
				CLANG_WARN_OBJC_LITERAL_CONVERSION = YES;
				CLANG_WARN_OBJC_ROOT_CLASS = YES_ERROR;
				CLANG_WARN_QUOTED_INCLUDE_IN_FRAMEWORK_HEADER = YES;
				CLANG_WARN_RANGE_LOOP_ANALYSIS = YES;
				CLANG_WARN_STRICT_PROTOTYPES = YES;
				CLANG_WARN_SUSPICIOUS_MOVE = YES;
				CLANG_WARN_UNGUARDED_AVAILABILITY = YES_AGGRESSIVE;
				CLANG_WARN_UNREACHABLE_CODE = YES;
				CLANG_WARN__DUPLICATE_METHOD_MATCH = YES;
				COPY_PHASE_STRIP = NO;
				DEBUG_INFORMATION_FORMAT = dwarf;
				ENABLE_STRICT_OBJC_MSGSEND = YES;
				ENABLE_TESTABILITY = YES;
				GCC_C_LANGUAGE_STANDARD = gnu11;
				GCC_DYNAMIC_NO_PIC = NO;
				GCC_NO_COMMON_BLOCKS = YES;
				GCC_OPTIMIZATION_LEVEL = 0;
				GCC_PREPROCESSOR_DEFINITIONS = (
					"DEBUG=1",
					"$(inherited)",
				);
				GCC_WARN_64_TO_32_BIT_CONVERSION = YES;
				GCC_WARN_ABOUT_RETURN_TYPE = YES_ERROR;
				GCC_WARN_UNDECLARED_SELECTOR = YES;
				GCC_WARN_UNINITIALIZED_AUTOS = YES_AGGRESSIVE;
				GCC_WARN_UNUSED_FUNCTION = YES;
				GCC_WARN_UNUSED_VARIABLE = YES;
				IPHONEOS_DEPLOYMENT_TARGET = 16.4;
				MTL_ENABLE_DEBUG_INFO = INCLUDE_SOURCE;
				MTL_FAST_MATH = YES;
				ONLY_ACTIVE_ARCH = YES;
				SDKROOT = iphoneos;
				SWIFT_ACTIVE_COMPILATION_CONDITIONS = DEBUG;
				SWIFT_OPTIMIZATION_LEVEL = "-Onone";
			};
			name = Debug;
		};
		8873BE562AA14CD9007734DE /* Release */ = {
			isa = XCBuildConfiguration;
			buildSettings = {
				ALWAYS_SEARCH_USER_PATHS = NO;
				CLANG_ANALYZER_NONNULL = YES;
				CLANG_ANALYZER_NUMBER_OBJECT_CONVERSION = YES_AGGRESSIVE;
				CLANG_CXX_LANGUAGE_STANDARD = "gnu++20";
				CLANG_ENABLE_MODULES = YES;
				CLANG_ENABLE_OBJC_ARC = YES;
				CLANG_ENABLE_OBJC_WEAK = YES;
				CLANG_WARN_BLOCK_CAPTURE_AUTORELEASING = YES;
				CLANG_WARN_BOOL_CONVERSION = YES;
				CLANG_WARN_COMMA = YES;
				CLANG_WARN_CONSTANT_CONVERSION = YES;
				CLANG_WARN_DEPRECATED_OBJC_IMPLEMENTATIONS = YES;
				CLANG_WARN_DIRECT_OBJC_ISA_USAGE = YES_ERROR;
				CLANG_WARN_DOCUMENTATION_COMMENTS = YES;
				CLANG_WARN_EMPTY_BODY = YES;
				CLANG_WARN_ENUM_CONVERSION = YES;
				CLANG_WARN_INFINITE_RECURSION = YES;
				CLANG_WARN_INT_CONVERSION = YES;
				CLANG_WARN_NON_LITERAL_NULL_CONVERSION = YES;
				CLANG_WARN_OBJC_IMPLICIT_RETAIN_SELF = YES;
				CLANG_WARN_OBJC_LITERAL_CONVERSION = YES;
				CLANG_WARN_OBJC_ROOT_CLASS = YES_ERROR;
				CLANG_WARN_QUOTED_INCLUDE_IN_FRAMEWORK_HEADER = YES;
				CLANG_WARN_RANGE_LOOP_ANALYSIS = YES;
				CLANG_WARN_STRICT_PROTOTYPES = YES;
				CLANG_WARN_SUSPICIOUS_MOVE = YES;
				CLANG_WARN_UNGUARDED_AVAILABILITY = YES_AGGRESSIVE;
				CLANG_WARN_UNREACHABLE_CODE = YES;
				CLANG_WARN__DUPLICATE_METHOD_MATCH = YES;
				COPY_PHASE_STRIP = NO;
				DEBUG_INFORMATION_FORMAT = "dwarf-with-dsym";
				ENABLE_NS_ASSERTIONS = NO;
				ENABLE_STRICT_OBJC_MSGSEND = YES;
				GCC_C_LANGUAGE_STANDARD = gnu11;
				GCC_NO_COMMON_BLOCKS = YES;
				GCC_WARN_64_TO_32_BIT_CONVERSION = YES;
				GCC_WARN_ABOUT_RETURN_TYPE = YES_ERROR;
				GCC_WARN_UNDECLARED_SELECTOR = YES;
				GCC_WARN_UNINITIALIZED_AUTOS = YES_AGGRESSIVE;
				GCC_WARN_UNUSED_FUNCTION = YES;
				GCC_WARN_UNUSED_VARIABLE = YES;
				IPHONEOS_DEPLOYMENT_TARGET = 16.4;
				MTL_ENABLE_DEBUG_INFO = NO;
				MTL_FAST_MATH = YES;
				SDKROOT = iphoneos;
				SWIFT_COMPILATION_MODE = wholemodule;
				SWIFT_OPTIMIZATION_LEVEL = "-O";
				VALIDATE_PRODUCT = YES;
			};
			name = Release;
		};
		8873BE582AA14CD9007734DE /* Debug */ = {
			isa = XCBuildConfiguration;
			buildSettings = {
				ASSETCATALOG_COMPILER_APPICON_NAME = AppIcon;
				ASSETCATALOG_COMPILER_GLOBAL_ACCENT_COLOR_NAME = AccentColor;
				CODE_SIGN_STYLE = Automatic;
				CURRENT_PROJECT_VERSION = 1;
				DEVELOPMENT_ASSET_PATHS = "\"AppTodo/Preview Content\"";
				DEVELOPMENT_TEAM = 2RB6Z32558;
				ENABLE_PREVIEWS = YES;
				GENERATE_INFOPLIST_FILE = YES;
				INFOPLIST_KEY_CFBundleDisplayName = "To Do List";
				INFOPLIST_KEY_UIApplicationSceneManifest_Generation = YES;
				INFOPLIST_KEY_UIApplicationSupportsIndirectInputEvents = YES;
				INFOPLIST_KEY_UILaunchScreen_Generation = YES;
				INFOPLIST_KEY_UILaunchStoryboardName = "Launch Screen.storyboard";
				INFOPLIST_KEY_UISupportedInterfaceOrientations = UIInterfaceOrientationPortrait;
				LD_RUNPATH_SEARCH_PATHS = (
					"$(inherited)",
					"@executable_path/Frameworks",
				);
				MARKETING_VERSION = 1.0;
				PRODUCT_BUNDLE_IDENTIFIER = staki.com.br.AppTodo;
				PRODUCT_NAME = "$(TARGET_NAME)";
				SWIFT_EMIT_LOC_STRINGS = YES;
				SWIFT_VERSION = 5.0;
				TARGETED_DEVICE_FAMILY = "1,2";
			};
			name = Debug;
		};
		8873BE592AA14CD9007734DE /* Release */ = {
			isa = XCBuildConfiguration;
			buildSettings = {
				ASSETCATALOG_COMPILER_APPICON_NAME = AppIcon;
				ASSETCATALOG_COMPILER_GLOBAL_ACCENT_COLOR_NAME = AccentColor;
				CODE_SIGN_STYLE = Automatic;
				CURRENT_PROJECT_VERSION = 1;
				DEVELOPMENT_ASSET_PATHS = "\"AppTodo/Preview Content\"";
				DEVELOPMENT_TEAM = 2RB6Z32558;
				ENABLE_PREVIEWS = YES;
				GENERATE_INFOPLIST_FILE = YES;
				INFOPLIST_KEY_CFBundleDisplayName = "To Do List";
				INFOPLIST_KEY_UIApplicationSceneManifest_Generation = YES;
				INFOPLIST_KEY_UIApplicationSupportsIndirectInputEvents = YES;
				INFOPLIST_KEY_UILaunchScreen_Generation = YES;
				INFOPLIST_KEY_UILaunchStoryboardName = "Launch Screen.storyboard";
				INFOPLIST_KEY_UISupportedInterfaceOrientations = UIInterfaceOrientationPortrait;
				LD_RUNPATH_SEARCH_PATHS = (
					"$(inherited)",
					"@executable_path/Frameworks",
				);
				MARKETING_VERSION = 1.0;
				PRODUCT_BUNDLE_IDENTIFIER = staki.com.br.AppTodo;
				PRODUCT_NAME = "$(TARGET_NAME)";
				SWIFT_EMIT_LOC_STRINGS = YES;
				SWIFT_VERSION = 5.0;
				TARGETED_DEVICE_FAMILY = "1,2";
			};
			name = Release;
		};
/* End XCBuildConfiguration section */

/* Begin XCConfigurationList section */
		8873BE442AA14CD8007734DE /* Build configuration list for PBXProject "AppTodo" */ = {
			isa = XCConfigurationList;
			buildConfigurations = (
				8873BE552AA14CD9007734DE /* Debug */,
				8873BE562AA14CD9007734DE /* Release */,
			);
			defaultConfigurationIsVisible = 0;
			defaultConfigurationName = Release;
		};
		8873BE572AA14CD9007734DE /* Build configuration list for PBXNativeTarget "AppTodo" */ = {
			isa = XCConfigurationList;
			buildConfigurations = (
				8873BE582AA14CD9007734DE /* Debug */,
				8873BE592AA14CD9007734DE /* Release */,
			);
			defaultConfigurationIsVisible = 0;
			defaultConfigurationName = Release;
		};
/* End XCConfigurationList section */

/* Begin XCRemoteSwiftPackageReference section */
		8873BE5A2AA1EF95007734DE /* XCRemoteSwiftPackageReference "firebase-ios-sdk" */ = {
			isa = XCRemoteSwiftPackageReference;
			repositoryURL = "https://github.com/firebase/firebase-ios-sdk.git";
			requirement = {
				kind = upToNextMajorVersion;
				minimumVersion = 10.0.0;
			};
		};
/* End XCRemoteSwiftPackageReference section */

/* Begin XCSwiftPackageProductDependency section */
		8873BE5B2AA1EF95007734DE /* FirebaseAuth */ = {
			isa = XCSwiftPackageProductDependency;
			package = 8873BE5A2AA1EF95007734DE /* XCRemoteSwiftPackageReference "firebase-ios-sdk" */;
			productName = FirebaseAuth;
		};
		8873BE5D2AA1EF95007734DE /* FirebaseFirestore */ = {
			isa = XCSwiftPackageProductDependency;
			package = 8873BE5A2AA1EF95007734DE /* XCRemoteSwiftPackageReference "firebase-ios-sdk" */;
			productName = FirebaseFirestore;
		};
		8873BE5F2AA1EF95007734DE /* FirebaseFirestoreSwift */ = {
			isa = XCSwiftPackageProductDependency;
			package = 8873BE5A2AA1EF95007734DE /* XCRemoteSwiftPackageReference "firebase-ios-sdk" */;
			productName = FirebaseFirestoreSwift;
		};
/* End XCSwiftPackageProductDependency section */
	};
	rootObject = 8873BE412AA14CD8007734DE /* Project object */;
}
